{
  "name": "brain-games",
  "version": "1.0.0",
  "lockfileVersion": 1,
  "requires": true,
  "dependencies": {
    "backend-project-44": {
      "version": "git+https://github.com/mega-hertz91/backend-project-44.git#8003fef568635e32e49c63b5bae3356cc63685fd",
      "from": "git+https://github.com/mega-hertz91/backend-project-44.git"
    }
  }
}
